// !$*UTF8*$!
{
	archiveVersion = 1;
	classes = {
	};
	objectVersion = 56;
	objects = {

/* Begin PBXBuildFile section */
		C90B000129598C4E0036968E /* ContentView.swift in Sources */ = {isa = PBXBuildFile; fileRef = C90B000029598C4E0036968E /* ContentView.swift */; };
		C90B000329598C4E0036968E /* Assets.xcassets in Resources */ = {isa = PBXBuildFile; fileRef = C90B000229598C4E0036968E /* Assets.xcassets */; };
		C90B000629598C4E0036968E /* Preview Assets.xcassets in Resources */ = {isa = PBXBuildFile; fileRef = C90B000529598C4E0036968E /* Preview Assets.xcassets */; };
		C90B001029598C4F0036968E /* FlashzillaTests.swift in Sources */ = {isa = PBXBuildFile; fileRef = C90B000F29598C4F0036968E /* FlashzillaTests.swift */; };
		C90B001A29598C4F0036968E /* FlashzillaUITests.swift in Sources */ = {isa = PBXBuildFile; fileRef = C90B001929598C4F0036968E /* FlashzillaUITests.swift */; };
		C90B001C29598C4F0036968E /* FlashzillaUITestsLaunchTests.swift in Sources */ = {isa = PBXBuildFile; fileRef = C90B001B29598C4F0036968E /* FlashzillaUITestsLaunchTests.swift */; };
		C90BFFFF29598C4E0036968E /* FlashzillaApp.swift in Sources */ = {isa = PBXBuildFile; fileRef = C90BFFFE29598C4E0036968E /* FlashzillaApp.swift */; };
/* End PBXBuildFile section */

/* Begin PBXContainerItemProxy section */
		C90B000C29598C4F0036968E /* PBXContainerItemProxy */ = {
			isa = PBXContainerItemProxy;
			containerPortal = C90BFFF329598C4E0036968E /* Project object */;
			proxyType = 1;
			remoteGlobalIDString = C90BFFFA29598C4E0036968E;
			remoteInfo = Flashzilla;
		};
		C90B001629598C4F0036968E /* PBXContainerItemProxy */ = {
			isa = PBXContainerItemProxy;
			containerPortal = C90BFFF329598C4E0036968E /* Project object */;
			proxyType = 1;
			remoteGlobalIDString = C90BFFFA29598C4E0036968E;
			remoteInfo = Flashzilla;
		};
/* End PBXContainerItemProxy section */

/* Begin PBXFileReference section */
		C90B000029598C4E0036968E /* ContentView.swift */ = {isa = PBXFileReference; lastKnownFileType = sourcecode.swift; path = ContentView.swift; sourceTree = "<group>"; };
		C90B000229598C4E0036968E /* Assets.xcassets */ = {isa = PBXFileReference; lastKnownFileType = folder.assetcatalog; path = Assets.xcassets; sourceTree = "<group>"; };
		C90B000529598C4E0036968E /* Preview Assets.xcassets */ = {isa = PBXFileReference; lastKnownFileType = folder.assetcatalog; path = "Preview Assets.xcassets"; sourceTree = "<group>"; };
		C90B000B29598C4F0036968E /* FlashzillaTests.xctest */ = {isa = PBXFileReference; explicitFileType = wrapper.cfbundle; includeInIndex = 0; path = FlashzillaTests.xctest; sourceTree = BUILT_PRODUCTS_DIR; };
		C90B000F29598C4F0036968E /* FlashzillaTests.swift */ = {isa = PBXFileReference; lastKnownFileType = sourcecode.swift; path = FlashzillaTests.swift; sourceTree = "<group>"; };
		C90B001529598C4F0036968E /* FlashzillaUITests.xctest */ = {isa = PBXFileReference; explicitFileType = wrapper.cfbundle; includeInIndex = 0; path = FlashzillaUITests.xctest; sourceTree = BUILT_PRODUCTS_DIR; };
		C90B001929598C4F0036968E /* FlashzillaUITests.swift */ = {isa = PBXFileReference; lastKnownFileType = sourcecode.swift; path = FlashzillaUITests.swift; sourceTree = "<group>"; };
		C90B001B29598C4F0036968E /* FlashzillaUITestsLaunchTests.swift */ = {isa = PBXFileReference; lastKnownFileType = sourcecode.swift; path = FlashzillaUITestsLaunchTests.swift; sourceTree = "<group>"; };
		C90BFFFB29598C4E0036968E /* Flashzilla.app */ = {isa = PBXFileReference; explicitFileType = wrapper.application; includeInIndex = 0; path = Flashzilla.app; sourceTree = BUILT_PRODUCTS_DIR; };
		C90BFFFE29598C4E0036968E /* FlashzillaApp.swift */ = {isa = PBXFileReference; lastKnownFileType = sourcecode.swift; path = FlashzillaApp.swift; sourceTree = "<group>"; };
/* End PBXFileReference section */

/* Begin PBXFrameworksBuildPhase section */
		C90B000829598C4F0036968E /* Frameworks */ = {
			isa = PBXFrameworksBuildPhase;
			buildActionMask = 2147483647;
			files = (
			);
			runOnlyForDeploymentPostprocessing = 0;
		};
		C90B001229598C4F0036968E /* Frameworks */ = {
			isa = PBXFrameworksBuildPhase;
			buildActionMask = 2147483647;
			files = (
			);
			runOnlyForDeploymentPostprocessing = 0;
		};
		C90BFFF829598C4E0036968E /* Frameworks */ = {
			isa = PBXFrameworksBuildPhase;
			buildActionMask = 2147483647;
			files = (
			);
			runOnlyForDeploymentPostprocessing = 0;
		};
/* End PBXFrameworksBuildPhase section */

/* Begin PBXGroup section */
		C90B000429598C4E0036968E /* Preview Content */ = {
			isa = PBXGroup;
			children = (
				C90B000529598C4E0036968E /* Preview Assets.xcassets */,
			);
			path = "Preview Content";
			sourceTree = "<group>";
		};
		C90B000E29598C4F0036968E /* FlashzillaTests */ = {
			isa = PBXGroup;
			children = (
				C90B000F29598C4F0036968E /* FlashzillaTests.swift */,
			);
			path = FlashzillaTests;
			sourceTree = "<group>";
		};
		C90B001829598C4F0036968E /* FlashzillaUITests */ = {
			isa = PBXGroup;
			children = (
				C90B001929598C4F0036968E /* FlashzillaUITests.swift */,
				C90B001B29598C4F0036968E /* FlashzillaUITestsLaunchTests.swift */,
			);
			path = FlashzillaUITests;
			sourceTree = "<group>";
		};
		C90BFFF229598C4E0036968E = {
			isa = PBXGroup;
			children = (
				C90BFFFD29598C4E0036968E /* Flashzilla */,
				C90B000E29598C4F0036968E /* FlashzillaTests */,
				C90B001829598C4F0036968E /* FlashzillaUITests */,
				C90BFFFC29598C4E0036968E /* Products */,
			);
			sourceTree = "<group>";
		};
		C90BFFFC29598C4E0036968E /* Products */ = {
			isa = PBXGroup;
			children = (
				C90BFFFB29598C4E0036968E /* Flashzilla.app */,
				C90B000B29598C4F0036968E /* FlashzillaTests.xctest */,
				C90B001529598C4F0036968E /* FlashzillaUITests.xctest */,
			);
			name = Products;
			sourceTree = "<group>";
		};
		C90BFFFD29598C4E0036968E /* Flashzilla */ = {
			isa = PBXGroup;
			children = (
				C90BFFFE29598C4E0036968E /* FlashzillaApp.swift */,
				C90B000029598C4E0036968E /* ContentView.swift */,
				C90B000229598C4E0036968E /* Assets.xcassets */,
				C90B000429598C4E0036968E /* Preview Content */,
			);
			path = Flashzilla;
			sourceTree = "<group>";
		};
/* End PBXGroup section */

/* Begin PBXNativeTarget section */
		C90B000A29598C4F0036968E /* FlashzillaTests */ = {
			isa = PBXNativeTarget;
			buildConfigurationList = C90B002229598C4F0036968E /* Build configuration list for PBXNativeTarget "FlashzillaTests" */;
			buildPhases = (
				C90B000729598C4F0036968E /* Sources */,
				C90B000829598C4F0036968E /* Frameworks */,
				C90B000929598C4F0036968E /* Resources */,
			);
			buildRules = (
			);
			dependencies = (
				C90B000D29598C4F0036968E /* PBXTargetDependency */,
			);
			name = FlashzillaTests;
			productName = FlashzillaTests;
			productReference = C90B000B29598C4F0036968E /* FlashzillaTests.xctest */;
			productType = "com.apple.product-type.bundle.unit-test";
		};
		C90B001429598C4F0036968E /* FlashzillaUITests */ = {
			isa = PBXNativeTarget;
			buildConfigurationList = C90B002529598C4F0036968E /* Build configuration list for PBXNativeTarget "FlashzillaUITests" */;
			buildPhases = (
				C90B001129598C4F0036968E /* Sources */,
				C90B001229598C4F0036968E /* Frameworks */,
				C90B001329598C4F0036968E /* Resources */,
			);
			buildRules = (
			);
			dependencies = (
				C90B001729598C4F0036968E /* PBXTargetDependency */,
			);
			name = FlashzillaUITests;
			productName = FlashzillaUITests;
			productReference = C90B001529598C4F0036968E /* FlashzillaUITests.xctest */;
			productType = "com.apple.product-type.bundle.ui-testing";
		};
		C90BFFFA29598C4E0036968E /* Flashzilla */ = {
			isa = PBXNativeTarget;
			buildConfigurationList = C90B001F29598C4F0036968E /* Build configuration list for PBXNativeTarget "Flashzilla" */;
			buildPhases = (
				C90BFFF729598C4E0036968E /* Sources */,
				C90BFFF829598C4E0036968E /* Frameworks */,
				C90BFFF929598C4E0036968E /* Resources */,
			);
			buildRules = (
			);
			dependencies = (
			);
			name = Flashzilla;
			productName = Flashzilla;
			productReference = C90BFFFB29598C4E0036968E /* Flashzilla.app */;
			productType = "com.apple.product-type.application";
		};
/* End PBXNativeTarget section */

/* Begin PBXProject section */
		C90BFFF329598C4E0036968E /* Project object */ = {
			isa = PBXProject;
			attributes = {
				BuildIndependentTargetsInParallel = 1;
				LastSwiftUpdateCheck = 1420;
				LastUpgradeCheck = 1420;
				TargetAttributes = {
					C90B000A29598C4F0036968E = {
						CreatedOnToolsVersion = 14.2;
						TestTargetID = C90BFFFA29598C4E0036968E;
					};
					C90B001429598C4F0036968E = {
						CreatedOnToolsVersion = 14.2;
						TestTargetID = C90BFFFA29598C4E0036968E;
					};
					C90BFFFA29598C4E0036968E = {
						CreatedOnToolsVersion = 14.2;
					};
				};
			};
			buildConfigurationList = C90BFFF629598C4E0036968E /* Build configuration list for PBXProject "Flashzilla" */;
			compatibilityVersion = "Xcode 14.0";
			developmentRegion = en;
			hasScannedForEncodings = 0;
			knownRegions = (
				en,
				Base,
			);
			mainGroup = C90BFFF229598C4E0036968E;
			productRefGroup = C90BFFFC29598C4E0036968E /* Products */;
			projectDirPath = "";
			projectRoot = "";
			targets = (
				C90BFFFA29598C4E0036968E /* Flashzilla */,
				C90B000A29598C4F0036968E /* FlashzillaTests */,
				C90B001429598C4F0036968E /* FlashzillaUITests */,
			);
		};
/* End PBXProject section */

/* Begin PBXResourcesBuildPhase section */
		C90B000929598C4F0036968E /* Resources */ = {
			isa = PBXResourcesBuildPhase;
			buildActionMask = 2147483647;
			files = (
			);
			runOnlyForDeploymentPostprocessing = 0;
		};
		C90B001329598C4F0036968E /* Resources */ = {
			isa = PBXResourcesBuildPhase;
			buildActionMask = 2147483647;
			files = (
			);
			runOnlyForDeploymentPostprocessing = 0;
		};
		C90BFFF929598C4E0036968E /* Resources */ = {
			isa = PBXResourcesBuildPhase;
			buildActionMask = 2147483647;
			files = (
				C90B000629598C4E0036968E /* Preview Assets.xcassets in Resources */,
				C90B000329598C4E0036968E /* Assets.xcassets in Resources */,
			);
			runOnlyForDeploymentPostprocessing = 0;
		};
/* End PBXResourcesBuildPhase section */

/* Begin PBXSourcesBuildPhase section */
		C90B000729598C4F0036968E /* Sources */ = {
			isa = PBXSourcesBuildPhase;
			buildActionMask = 2147483647;
			files = (
				C90B001029598C4F0036968E /* FlashzillaTests.swift in Sources */,
			);
			runOnlyForDeploymentPostprocessing = 0;
		};
		C90B001129598C4F0036968E /* Sources */ = {
			isa = PBXSourcesBuildPhase;
			buildActionMask = 2147483647;
			files = (
				C90B001C29598C4F0036968E /* FlashzillaUITestsLaunchTests.swift in Sources */,
				C90B001A29598C4F0036968E /* FlashzillaUITests.swift in Sources */,
			);
			runOnlyForDeploymentPostprocessing = 0;
		};
		C90BFFF729598C4E0036968E /* Sources */ = {
			isa = PBXSourcesBuildPhase;
			buildActionMask = 2147483647;
			files = (
				C90B000129598C4E0036968E /* ContentView.swift in Sources */,
				C90BFFFF29598C4E0036968E /* FlashzillaApp.swift in Sources */,
			);
			runOnlyForDeploymentPostprocessing = 0;
		};
/* End PBXSourcesBuildPhase section */

/* Begin PBXTargetDependency section */
		C90B000D29598C4F0036968E /* PBXTargetDependency */ = {
			isa = PBXTargetDependency;
			target = C90BFFFA29598C4E0036968E /* Flashzilla */;
			targetProxy = C90B000C29598C4F0036968E /* PBXContainerItemProxy */;
		};
		C90B001729598C4F0036968E /* PBXTargetDependency */ = {
			isa = PBXTargetDependency;
			target = C90BFFFA29598C4E0036968E /* Flashzilla */;
			targetProxy = C90B001629598C4F0036968E /* PBXContainerItemProxy */;
		};
/* End PBXTargetDependency section */

/* Begin XCBuildConfiguration section */
		C90B001D29598C4F0036968E /* Debug */ = {
			isa = XCBuildConfiguration;
			buildSettings = {
				ALWAYS_SEARCH_USER_PATHS = NO;
				CLANG_ANALYZER_NONNULL = YES;
				CLANG_ANALYZER_NUMBER_OBJECT_CONVERSION = YES_AGGRESSIVE;
				CLANG_CXX_LANGUAGE_STANDARD = "gnu++20";
				CLANG_ENABLE_MODULES = YES;
				CLANG_ENABLE_OBJC_ARC = YES;
				CLANG_ENABLE_OBJC_WEAK = YES;
				CLANG_WARN_BLOCK_CAPTURE_AUTORELEASING = YES;
				CLANG_WARN_BOOL_CONVERSION = YES;
				CLANG_WARN_COMMA = YES;
				CLANG_WARN_CONSTANT_CONVERSION = YES;
				CLANG_WARN_DEPRECATED_OBJC_IMPLEMENTATIONS = YES;
				CLANG_WARN_DIRECT_OBJC_ISA_USAGE = YES_ERROR;
				CLANG_WARN_DOCUMENTATION_COMMENTS = YES;
				CLANG_WARN_EMPTY_BODY = YES;
				CLANG_WARN_ENUM_CONVERSION = YES;
				CLANG_WARN_INFINITE_RECURSION = YES;
				CLANG_WARN_INT_CONVERSION = YES;
				CLANG_WARN_NON_LITERAL_NULL_CONVERSION = YES;
				CLANG_WARN_OBJC_IMPLICIT_RETAIN_SELF = YES;
				CLANG_WARN_OBJC_LITERAL_CONVERSION = YES;
				CLANG_WARN_OBJC_ROOT_CLASS = YES_ERROR;
				CLANG_WARN_QUOTED_INCLUDE_IN_FRAMEWORK_HEADER = YES;
				CLANG_WARN_RANGE_LOOP_ANALYSIS = YES;
				CLANG_WARN_STRICT_PROTOTYPES = YES;
				CLANG_WARN_SUSPICIOUS_MOVE = YES;
				CLANG_WARN_UNGUARDED_AVAILABILITY = YES_AGGRESSIVE;
				CLANG_WARN_UNREACHABLE_CODE = YES;
				CLANG_WARN__DUPLICATE_METHOD_MATCH = YES;
				COPY_PHASE_STRIP = NO;
				DEBUG_INFORMATION_FORMAT = dwarf;
				ENABLE_STRICT_OBJC_MSGSEND = YES;
				ENABLE_TESTABILITY = YES;
				GCC_C_LANGUAGE_STANDARD = gnu11;
				GCC_DYNAMIC_NO_PIC = NO;
				GCC_NO_COMMON_BLOCKS = YES;
				GCC_OPTIMIZATION_LEVEL = 0;
				GCC_PREPROCESSOR_DEFINITIONS = (
					"DEBUG=1",
					"$(inherited)",
				);
				GCC_WARN_64_TO_32_BIT_CONVERSION = YES;
				GCC_WARN_ABOUT_RETURN_TYPE = YES_ERROR;
				GCC_WARN_UNDECLARED_SELECTOR = YES;
				GCC_WARN_UNINITIALIZED_AUTOS = YES_AGGRESSIVE;
				GCC_WARN_UNUSED_FUNCTION = YES;
				GCC_WARN_UNUSED_VARIABLE = YES;
				IPHONEOS_DEPLOYMENT_TARGET = 16.2;
				MTL_ENABLE_DEBUG_INFO = INCLUDE_SOURCE;
				MTL_FAST_MATH = YES;
				ONLY_ACTIVE_ARCH = YES;
				SDKROOT = iphoneos;
				SWIFT_ACTIVE_COMPILATION_CONDITIONS = DEBUG;
				SWIFT_OPTIMIZATION_LEVEL = "-Onone";
			};
			name = Debug;
		};
		C90B001E29598C4F0036968E /* Release */ = {
			isa = XCBuildConfiguration;
			buildSettings = {
				ALWAYS_SEARCH_USER_PATHS = NO;
				CLANG_ANALYZER_NONNULL = YES;
				CLANG_ANALYZER_NUMBER_OBJECT_CONVERSION = YES_AGGRESSIVE;
				CLANG_CXX_LANGUAGE_STANDARD = "gnu++20";
				CLANG_ENABLE_MODULES = YES;
				CLANG_ENABLE_OBJC_ARC = YES;
				CLANG_ENABLE_OBJC_WEAK = YES;
				CLANG_WARN_BLOCK_CAPTURE_AUTORELEASING = YES;
				CLANG_WARN_BOOL_CONVERSION = YES;
				CLANG_WARN_COMMA = YES;
				CLANG_WARN_CONSTANT_CONVERSION = YES;
				CLANG_WARN_DEPRECATED_OBJC_IMPLEMENTATIONS = YES;
				CLANG_WARN_DIRECT_OBJC_ISA_USAGE = YES_ERROR;
				CLANG_WARN_DOCUMENTATION_COMMENTS = YES;
				CLANG_WARN_EMPTY_BODY = YES;
				CLANG_WARN_ENUM_CONVERSION = YES;
				CLANG_WARN_INFINITE_RECURSION = YES;
				CLANG_WARN_INT_CONVERSION = YES;
				CLANG_WARN_NON_LITERAL_NULL_CONVERSION = YES;
				CLANG_WARN_OBJC_IMPLICIT_RETAIN_SELF = YES;
				CLANG_WARN_OBJC_LITERAL_CONVERSION = YES;
				CLANG_WARN_OBJC_ROOT_CLASS = YES_ERROR;
				CLANG_WARN_QUOTED_INCLUDE_IN_FRAMEWORK_HEADER = YES;
				CLANG_WARN_RANGE_LOOP_ANALYSIS = YES;
				CLANG_WARN_STRICT_PROTOTYPES = YES;
				CLANG_WARN_SUSPICIOUS_MOVE = YES;
				CLANG_WARN_UNGUARDED_AVAILABILITY = YES_AGGRESSIVE;
				CLANG_WARN_UNREACHABLE_CODE = YES;
				CLANG_WARN__DUPLICATE_METHOD_MATCH = YES;
				COPY_PHASE_STRIP = NO;
				DEBUG_INFORMATION_FORMAT = "dwarf-with-dsym";
				ENABLE_NS_ASSERTIONS = NO;
				ENABLE_STRICT_OBJC_MSGSEND = YES;
				GCC_C_LANGUAGE_STANDARD = gnu11;
				GCC_NO_COMMON_BLOCKS = YES;
				GCC_WARN_64_TO_32_BIT_CONVERSION = YES;
				GCC_WARN_ABOUT_RETURN_TYPE = YES_ERROR;
				GCC_WARN_UNDECLARED_SELECTOR = YES;
				GCC_WARN_UNINITIALIZED_AUTOS = YES_AGGRESSIVE;
				GCC_WARN_UNUSED_FUNCTION = YES;
				GCC_WARN_UNUSED_VARIABLE = YES;
				IPHONEOS_DEPLOYMENT_TARGET = 16.2;
				MTL_ENABLE_DEBUG_INFO = NO;
				MTL_FAST_MATH = YES;
				SDKROOT = iphoneos;
				SWIFT_COMPILATION_MODE = wholemodule;
				SWIFT_OPTIMIZATION_LEVEL = "-O";
				VALIDATE_PRODUCT = YES;
			};
			name = Release;
		};
		C90B002029598C4F0036968E /* Debug */ = {
			isa = XCBuildConfiguration;
			buildSettings = {
				ASSETCATALOG_COMPILER_APPICON_NAME = AppIcon;
				ASSETCATALOG_COMPILER_GLOBAL_ACCENT_COLOR_NAME = AccentColor;
				CODE_SIGN_STYLE = Automatic;
				CURRENT_PROJECT_VERSION = 1;
				DEVELOPMENT_ASSET_PATHS = "\"Flashzilla/Preview Content\"";
				DEVELOPMENT_TEAM = TK2D96DLGZ;
				ENABLE_PREVIEWS = YES;
				GENERATE_INFOPLIST_FILE = YES;
				INFOPLIST_KEY_UIApplicationSceneManifest_Generation = YES;
				INFOPLIST_KEY_UIApplicationSupportsIndirectInputEvents = YES;
				INFOPLIST_KEY_UILaunchScreen_Generation = YES;
				INFOPLIST_KEY_UISupportedInterfaceOrientations_iPad = "UIInterfaceOrientationPortrait UIInterfaceOrientationPortraitUpsideDown UIInterfaceOrientationLandscapeLeft UIInterfaceOrientationLandscapeRight";
				INFOPLIST_KEY_UISupportedInterfaceOrientations_iPhone = "UIInterfaceOrientationPortrait UIInterfaceOrientationLandscapeLeft UIInterfaceOrientationLandscapeRight";
				LD_RUNPATH_SEARCH_PATHS = (
					"$(inherited)",
					"@executable_path/Frameworks",
				);
				MARKETING_VERSION = 1.0;
				PRODUCT_BUNDLE_IDENTIFIER = com.jg.Flashzilla;
				PRODUCT_NAME = "$(TARGET_NAME)";
				SWIFT_EMIT_LOC_STRINGS = YES;
				SWIFT_VERSION = 5.0;
				TARGETED_DEVICE_FAMILY = "1,2";
			};
			name = Debug;
		};
		C90B002129598C4F0036968E /* Release */ = {
			isa = XCBuildConfiguration;
			buildSettings = {
				ASSETCATALOG_COMPILER_APPICON_NAME = AppIcon;
				ASSETCATALOG_COMPILER_GLOBAL_ACCENT_COLOR_NAME = AccentColor;
				CODE_SIGN_STYLE = Automatic;
				CURRENT_PROJECT_VERSION = 1;
				DEVELOPMENT_ASSET_PATHS = "\"Flashzilla/Preview Content\"";
				DEVELOPMENT_TEAM = TK2D96DLGZ;
				ENABLE_PREVIEWS = YES;
				GENERATE_INFOPLIST_FILE = YES;
				INFOPLIST_KEY_UIApplicationSceneManifest_Generation = YES;
				INFOPLIST_KEY_UIApplicationSupportsIndirectInputEvents = YES;
				INFOPLIST_KEY_UILaunchScreen_Generation = YES;
				INFOPLIST_KEY_UISupportedInterfaceOrientations_iPad = "UIInterfaceOrientationPortrait UIInterfaceOrientationPortraitUpsideDown UIInterfaceOrientationLandscapeLeft UIInterfaceOrientationLandscapeRight";
				INFOPLIST_KEY_UISupportedInterfaceOrientations_iPhone = "UIInterfaceOrientationPortrait UIInterfaceOrientationLandscapeLeft UIInterfaceOrientationLandscapeRight";
				LD_RUNPATH_SEARCH_PATHS = (
					"$(inherited)",
					"@executable_path/Frameworks",
				);
				MARKETING_VERSION = 1.0;
				PRODUCT_BUNDLE_IDENTIFIER = com.jg.Flashzilla;
				PRODUCT_NAME = "$(TARGET_NAME)";
				SWIFT_EMIT_LOC_STRINGS = YES;
				SWIFT_VERSION = 5.0;
				TARGETED_DEVICE_FAMILY = "1,2";
			};
			name = Release;
		};
		C90B002329598C4F0036968E /* Debug */ = {
			isa = XCBuildConfiguration;
			buildSettings = {
				ALWAYS_EMBED_SWIFT_STANDARD_LIBRARIES = YES;
				BUNDLE_LOADER = "$(TEST_HOST)";
				CODE_SIGN_STYLE = Automatic;
				CURRENT_PROJECT_VERSION = 1;
				DEVELOPMENT_TEAM = TK2D96DLGZ;
				GENERATE_INFOPLIST_FILE = YES;
				IPHONEOS_DEPLOYMENT_TARGET = 16.2;
				MARKETING_VERSION = 1.0;
				PRODUCT_BUNDLE_IDENTIFIER = com.jg.FlashzillaTests;
				PRODUCT_NAME = "$(TARGET_NAME)";
				SWIFT_EMIT_LOC_STRINGS = NO;
				SWIFT_VERSION = 5.0;
				TARGETED_DEVICE_FAMILY = "1,2";
				TEST_HOST = "$(BUILT_PRODUCTS_DIR)/Flashzilla.app/$(BUNDLE_EXECUTABLE_FOLDER_PATH)/Flashzilla";
			};
			name = Debug;
		};
		C90B002429598C4F0036968E /* Release */ = {
			isa = XCBuildConfiguration;
			buildSettings = {
				ALWAYS_EMBED_SWIFT_STANDARD_LIBRARIES = YES;
				BUNDLE_LOADER = "$(TEST_HOST)";
				CODE_SIGN_STYLE = Automatic;
				CURRENT_PROJECT_VERSION = 1;
				DEVELOPMENT_TEAM = TK2D96DLGZ;
				GENERATE_INFOPLIST_FILE = YES;
				IPHONEOS_DEPLOYMENT_TARGET = 16.2;
				MARKETING_VERSION = 1.0;
				PRODUCT_BUNDLE_IDENTIFIER = com.jg.FlashzillaTests;
				PRODUCT_NAME = "$(TARGET_NAME)";
				SWIFT_EMIT_LOC_STRINGS = NO;
				SWIFT_VERSION = 5.0;
				TARGETED_DEVICE_FAMILY = "1,2";
				TEST_HOST = "$(BUILT_PRODUCTS_DIR)/Flashzilla.app/$(BUNDLE_EXECUTABLE_FOLDER_PATH)/Flashzilla";
			};
			name = Release;
		};
		C90B002629598C4F0036968E /* Debug */ = {
			isa = XCBuildConfiguration;
			buildSettings = {
				ALWAYS_EMBED_SWIFT_STANDARD_LIBRARIES = YES;
				CODE_SIGN_STYLE = Automatic;
				CURRENT_PROJECT_VERSION = 1;
				DEVELOPMENT_TEAM = TK2D96DLGZ;
				GENERATE_INFOPLIST_FILE = YES;
				MARKETING_VERSION = 1.0;
				PRODUCT_BUNDLE_IDENTIFIER = com.jg.FlashzillaUITests;
				PRODUCT_NAME = "$(TARGET_NAME)";
				SWIFT_EMIT_LOC_STRINGS = NO;
				SWIFT_VERSION = 5.0;
				TARGETED_DEVICE_FAMILY = "1,2";
				TEST_TARGET_NAME = Flashzilla;
			};
			name = Debug;
		};
		C90B002729598C4F0036968E /* Release */ = {
			isa = XCBuildConfiguration;
			buildSettings = {
				ALWAYS_EMBED_SWIFT_STANDARD_LIBRARIES = YES;
				CODE_SIGN_STYLE = Automatic;
				CURRENT_PROJECT_VERSION = 1;
				DEVELOPMENT_TEAM = TK2D96DLGZ;
				GENERATE_INFOPLIST_FILE = YES;
				MARKETING_VERSION = 1.0;
				PRODUCT_BUNDLE_IDENTIFIER = com.jg.FlashzillaUITests;
				PRODUCT_NAME = "$(TARGET_NAME)";
				SWIFT_EMIT_LOC_STRINGS = NO;
				SWIFT_VERSION = 5.0;
				TARGETED_DEVICE_FAMILY = "1,2";
				TEST_TARGET_NAME = Flashzilla;
			};
			name = Release;
		};
/* End XCBuildConfiguration section */

/* Begin XCConfigurationList section */
		C90B001F29598C4F0036968E /* Build configuration list for PBXNativeTarget "Flashzilla" */ = {
			isa = XCConfigurationList;
			buildConfigurations = (
				C90B002029598C4F0036968E /* Debug */,
				C90B002129598C4F0036968E /* Release */,
			);
			defaultConfigurationIsVisible = 0;
			defaultConfigurationName = Release;
		};
		C90B002229598C4F0036968E /* Build configuration list for PBXNativeTarget "FlashzillaTests" */ = {
			isa = XCConfigurationList;
			buildConfigurations = (
				C90B002329598C4F0036968E /* Debug */,
				C90B002429598C4F0036968E /* Release */,
			);
			defaultConfigurationIsVisible = 0;
			defaultConfigurationName = Release;
		};
		C90B002529598C4F0036968E /* Build configuration list for PBXNativeTarget "FlashzillaUITests" */ = {
			isa = XCConfigurationList;
			buildConfigurations = (
				C90B002629598C4F0036968E /* Debug */,
				C90B002729598C4F0036968E /* Release */,
			);
			defaultConfigurationIsVisible = 0;
			defaultConfigurationName = Release;
		};
		C90BFFF629598C4E0036968E /* Build configuration list for PBXProject "Flashzilla" */ = {
			isa = XCConfigurationList;
			buildConfigurations = (
				C90B001D29598C4F0036968E /* Debug */,
				C90B001E29598C4F0036968E /* Release */,
			);
			defaultConfigurationIsVisible = 0;
			defaultConfigurationName = Release;
		};
/* End XCConfigurationList section */
	};
	rootObject = C90BFFF329598C4E0036968E /* Project object */;
}
